// !$*UTF8*$!
{
	archiveVersion = 1;
	classes = {
	};
	objectVersion = 52;
	objects = {

/* Begin PBXBuildFile section */
		34083C34FE4A85677347ACDD /* Pods_Vocabulary.framework in Frameworks */ = {isa = PBXBuildFile; fileRef = 6A15732E2199F373F87E0B9E /* Pods_Vocabulary.framework */; };
		A2A5C117247A7F880072914E /* WordViewFirst.swift in Sources */ = {isa = PBXBuildFile; fileRef = A2A5C114247A7F880072914E /* WordViewFirst.swift */; };
		A2A5C118247A7F880072914E /* WordViewThird.swift in Sources */ = {isa = PBXBuildFile; fileRef = A2A5C115247A7F880072914E /* WordViewThird.swift */; };
		A2A5C119247A7F880072914E /* WordViewSecond.swift in Sources */ = {isa = PBXBuildFile; fileRef = A2A5C116247A7F880072914E /* WordViewSecond.swift */; };
		A2A5C1F32497AEE50072914E /* BuildFile in Frameworks */ = {isa = PBXBuildFile; productRef = A2A5C1F22497AEE50072914E /* SwiftPackageProductDependency */; };
		A2A5C1F52497B6330072914E /* CalendarPage.swift in Sources */ = {isa = PBXBuildFile; fileRef = A2A5C1F42497B6330072914E /* CalendarPage.swift */; };
		F25053A62476707800BC6DB4 /* SettingView.swift in Sources */ = {isa = PBXBuildFile; fileRef = F25053A52476707800BC6DB4 /* SettingView.swift */; };
		F2529144249909570022A99B /* GoogleService-Info.plist in Resources */ = {isa = PBXBuildFile; fileRef = F2529143249909570022A99B /* GoogleService-Info.plist */; };
		F28C2E18246F8E85000695CD /* AppDelegate.swift in Sources */ = {isa = PBXBuildFile; fileRef = F28C2E17246F8E85000695CD /* AppDelegate.swift */; };
		F28C2E1A246F8E85000695CD /* SceneDelegate.swift in Sources */ = {isa = PBXBuildFile; fileRef = F28C2E19246F8E85000695CD /* SceneDelegate.swift */; };
		F28C2E1C246F8E85000695CD /* ContentView.swift in Sources */ = {isa = PBXBuildFile; fileRef = F28C2E1B246F8E85000695CD /* ContentView.swift */; };
		F28C2E1E246F8E86000695CD /* Assets.xcassets in Resources */ = {isa = PBXBuildFile; fileRef = F28C2E1D246F8E86000695CD /* Assets.xcassets */; };
		F28C2E21246F8E86000695CD /* Preview Assets.xcassets in Resources */ = {isa = PBXBuildFile; fileRef = F28C2E20246F8E86000695CD /* Preview Assets.xcassets */; };
		F28C2E24246F8E86000695CD /* LaunchScreen.storyboard in Resources */ = {isa = PBXBuildFile; fileRef = F28C2E22246F8E86000695CD /* LaunchScreen.storyboard */; };
		F2D2D0692473B70D0095DACC /* BookListView.swift in Sources */ = {isa = PBXBuildFile; fileRef = F2D2D0682473B70D0095DACC /* BookListView.swift */; };
		F2D2D06B24740BCF0095DACC /* ReviewView.swift in Sources */ = {isa = PBXBuildFile; fileRef = F2D2D06A24740BCF0095DACC /* ReviewView.swift */; };
		F2D2D06D24740C530095DACC /* CalendarView.swift in Sources */ = {isa = PBXBuildFile; fileRef = F2D2D06C24740C530095DACC /* CalendarView.swift */; };
/* End PBXBuildFile section */

/* Begin PBXFileReference section */
		07701638E9842D5264652224 /* Pods-Vocabulary.debug.xcconfig */ = {isa = PBXFileReference; includeInIndex = 1; lastKnownFileType = text.xcconfig; name = "Pods-Vocabulary.debug.xcconfig"; path = "Target Support Files/Pods-Vocabulary/Pods-Vocabulary.debug.xcconfig"; sourceTree = "<group>"; };
		6A15732E2199F373F87E0B9E /* Pods_Vocabulary.framework */ = {isa = PBXFileReference; explicitFileType = wrapper.framework; includeInIndex = 0; path = Pods_Vocabulary.framework; sourceTree = BUILT_PRODUCTS_DIR; };
		7CC79A7663AD7701B1DED1A0 /* Pods-Vocabulary.release.xcconfig */ = {isa = PBXFileReference; includeInIndex = 1; lastKnownFileType = text.xcconfig; name = "Pods-Vocabulary.release.xcconfig"; path = "Target Support Files/Pods-Vocabulary/Pods-Vocabulary.release.xcconfig"; sourceTree = "<group>"; };
		A2A5C114247A7F880072914E /* WordViewFirst.swift */ = {isa = PBXFileReference; fileEncoding = 4; lastKnownFileType = sourcecode.swift; path = WordViewFirst.swift; sourceTree = "<group>"; };
		A2A5C115247A7F880072914E /* WordViewThird.swift */ = {isa = PBXFileReference; fileEncoding = 4; lastKnownFileType = sourcecode.swift; path = WordViewThird.swift; sourceTree = "<group>"; };
		A2A5C116247A7F880072914E /* WordViewSecond.swift */ = {isa = PBXFileReference; fileEncoding = 4; lastKnownFileType = sourcecode.swift; path = WordViewSecond.swift; sourceTree = "<group>"; };
		A2A5C1F42497B6330072914E /* CalendarPage.swift */ = {isa = PBXFileReference; lastKnownFileType = sourcecode.swift; path = CalendarPage.swift; sourceTree = "<group>"; };
		F25053A52476707800BC6DB4 /* SettingView.swift */ = {isa = PBXFileReference; lastKnownFileType = sourcecode.swift; path = SettingView.swift; sourceTree = "<group>"; };
		F2529143249909570022A99B /* GoogleService-Info.plist */ = {isa = PBXFileReference; fileEncoding = 4; lastKnownFileType = text.plist.xml; path = "GoogleService-Info.plist"; sourceTree = "<group>"; };
		F28C2E14246F8E85000695CD /* Vocabulary.app */ = {isa = PBXFileReference; explicitFileType = wrapper.application; includeInIndex = 0; path = Vocabulary.app; sourceTree = BUILT_PRODUCTS_DIR; };
		F28C2E17246F8E85000695CD /* AppDelegate.swift */ = {isa = PBXFileReference; lastKnownFileType = sourcecode.swift; path = AppDelegate.swift; sourceTree = "<group>"; };
		F28C2E19246F8E85000695CD /* SceneDelegate.swift */ = {isa = PBXFileReference; lastKnownFileType = sourcecode.swift; path = SceneDelegate.swift; sourceTree = "<group>"; };
		F28C2E1B246F8E85000695CD /* ContentView.swift */ = {isa = PBXFileReference; lastKnownFileType = sourcecode.swift; path = ContentView.swift; sourceTree = "<group>"; };
		F28C2E1D246F8E86000695CD /* Assets.xcassets */ = {isa = PBXFileReference; lastKnownFileType = folder.assetcatalog; path = Assets.xcassets; sourceTree = "<group>"; };
		F28C2E20246F8E86000695CD /* Preview Assets.xcassets */ = {isa = PBXFileReference; lastKnownFileType = folder.assetcatalog; path = "Preview Assets.xcassets"; sourceTree = "<group>"; };
		F28C2E23246F8E86000695CD /* Base */ = {isa = PBXFileReference; lastKnownFileType = file.storyboard; name = Base; path = Base.lproj/LaunchScreen.storyboard; sourceTree = "<group>"; };
		F28C2E25246F8E86000695CD /* Info.plist */ = {isa = PBXFileReference; lastKnownFileType = text.plist.xml; path = Info.plist; sourceTree = "<group>"; };
		F2D2D0682473B70D0095DACC /* BookListView.swift */ = {isa = PBXFileReference; lastKnownFileType = sourcecode.swift; path = BookListView.swift; sourceTree = "<group>"; };
		F2D2D06A24740BCF0095DACC /* ReviewView.swift */ = {isa = PBXFileReference; lastKnownFileType = sourcecode.swift; path = ReviewView.swift; sourceTree = "<group>"; };
		F2D2D06C24740C530095DACC /* CalendarView.swift */ = {isa = PBXFileReference; lastKnownFileType = sourcecode.swift; path = CalendarView.swift; sourceTree = "<group>"; };
/* End PBXFileReference section */

/* Begin PBXFrameworksBuildPhase section */
		F28C2E11246F8E85000695CD /* Frameworks */ = {
			isa = PBXFrameworksBuildPhase;
			buildActionMask = 2147483647;
			files = (
				A2A5C1F32497AEE50072914E /* BuildFile in Frameworks */,
				34083C34FE4A85677347ACDD /* Pods_Vocabulary.framework in Frameworks */,
			);
			runOnlyForDeploymentPostprocessing = 0;
		};
/* End PBXFrameworksBuildPhase section */

/* Begin PBXGroup section */
		2BA57539A20ECA4D898D91B2 /* Frameworks */ = {
			isa = PBXGroup;
			children = (
				6A15732E2199F373F87E0B9E /* Pods_Vocabulary.framework */,
			);
			name = Frameworks;
			sourceTree = "<group>";
		};
		2E8317FA99D7A5EF2658AB72 /* Pods */ = {
			isa = PBXGroup;
			children = (
				07701638E9842D5264652224 /* Pods-Vocabulary.debug.xcconfig */,
				7CC79A7663AD7701B1DED1A0 /* Pods-Vocabulary.release.xcconfig */,
			);
			name = Pods;
			path = Pods;
			sourceTree = "<group>";
		};
		F28C2E0B246F8E85000695CD = {
			isa = PBXGroup;
			children = (
				F28C2E16246F8E85000695CD /* Vocabulary */,
				F28C2E15246F8E85000695CD /* Products */,
				2E8317FA99D7A5EF2658AB72 /* Pods */,
				2BA57539A20ECA4D898D91B2 /* Frameworks */,
			);
			sourceTree = "<group>";
		};
		F28C2E15246F8E85000695CD /* Products */ = {
			isa = PBXGroup;
			children = (
				F28C2E14246F8E85000695CD /* Vocabulary.app */,
			);
			name = Products;
			sourceTree = "<group>";
		};
		F28C2E16246F8E85000695CD /* Vocabulary */ = {
			isa = PBXGroup;
			children = (
				F28C2E17246F8E85000695CD /* AppDelegate.swift */,
				F28C2E19246F8E85000695CD /* SceneDelegate.swift */,
				A2A5C114247A7F880072914E /* WordViewFirst.swift */,
				A2A5C116247A7F880072914E /* WordViewSecond.swift */,
				A2A5C115247A7F880072914E /* WordViewThird.swift */,
				F28C2E1B246F8E85000695CD /* ContentView.swift */,
				F25053A52476707800BC6DB4 /* SettingView.swift */,
				A2A5C1F42497B6330072914E /* CalendarPage.swift */,
				F2D2D06C24740C530095DACC /* CalendarView.swift */,
				F2D2D06A24740BCF0095DACC /* ReviewView.swift */,
				F2D2D0682473B70D0095DACC /* BookListView.swift */,
				F28C2E1D246F8E86000695CD /* Assets.xcassets */,
				F28C2E22246F8E86000695CD /* LaunchScreen.storyboard */,
				F28C2E25246F8E86000695CD /* Info.plist */,
				F2529143249909570022A99B /* GoogleService-Info.plist */,
				F28C2E1F246F8E86000695CD /* Preview Content */,
			);
			path = Vocabulary;
			sourceTree = "<group>";
		};
		F28C2E1F246F8E86000695CD /* Preview Content */ = {
			isa = PBXGroup;
			children = (
				F28C2E20246F8E86000695CD /* Preview Assets.xcassets */,
			);
			path = "Preview Content";
			sourceTree = "<group>";
		};
/* End PBXGroup section */

/* Begin PBXNativeTarget section */
		F28C2E13246F8E85000695CD /* Vocabulary */ = {
			isa = PBXNativeTarget;
			buildConfigurationList = F28C2E28246F8E86000695CD /* Build configuration list for PBXNativeTarget "Vocabulary" */;
			buildPhases = (
				8F12DA993DB4C3AD111EA54D /* [CP] Check Pods Manifest.lock */,
				F28C2E10246F8E85000695CD /* Sources */,
				F28C2E11246F8E85000695CD /* Frameworks */,
				F28C2E12246F8E85000695CD /* Resources */,
				E6B34475ABAEBBCE7ED2522A /* [CP] Embed Pods Frameworks */,
			);
			buildRules = (
			);
			dependencies = (
			);
			name = Vocabulary;
			packageProductDependencies = (
				A2A5C1F22497AEE50072914E /* SwiftPackageProductDependency */,
			);
			productName = Vocabulary;
			productReference = F28C2E14246F8E85000695CD /* Vocabulary.app */;
			productType = "com.apple.product-type.application";
		};
/* End PBXNativeTarget section */

/* Begin PBXProject section */
		F28C2E0C246F8E85000695CD /* Project object */ = {
			isa = PBXProject;
			attributes = {
				LastSwiftUpdateCheck = 1140;
				LastUpgradeCheck = 1140;
				ORGANIZATIONNAME = "楊宸瑜";
				TargetAttributes = {
					F28C2E13246F8E85000695CD = {
						CreatedOnToolsVersion = 11.4.1;
					};
				};
			};
			buildConfigurationList = F28C2E0F246F8E85000695CD /* Build configuration list for PBXProject "Vocabulary" */;
			compatibilityVersion = "Xcode 9.3";
			developmentRegion = en;
			hasScannedForEncodings = 0;
			knownRegions = (
				en,
				Base,
			);
			mainGroup = F28C2E0B246F8E85000695CD;
			packageReferences = (
				A2A5C1F12497AEE50072914E /* RemoteSwiftPackageReference */,
			);
			productRefGroup = F28C2E15246F8E85000695CD /* Products */;
			projectDirPath = "";
			projectRoot = "";
			targets = (
				F28C2E13246F8E85000695CD /* Vocabulary */,
			);
		};
/* End PBXProject section */

/* Begin PBXResourcesBuildPhase section */
		F28C2E12246F8E85000695CD /* Resources */ = {
			isa = PBXResourcesBuildPhase;
			buildActionMask = 2147483647;
			files = (
				F28C2E24246F8E86000695CD /* LaunchScreen.storyboard in Resources */,
				F2529144249909570022A99B /* GoogleService-Info.plist in Resources */,
				F28C2E21246F8E86000695CD /* Preview Assets.xcassets in Resources */,
				F28C2E1E246F8E86000695CD /* Assets.xcassets in Resources */,
			);
			runOnlyForDeploymentPostprocessing = 0;
		};
/* End PBXResourcesBuildPhase section */

/* Begin PBXShellScriptBuildPhase section */
		8F12DA993DB4C3AD111EA54D /* [CP] Check Pods Manifest.lock */ = {
			isa = PBXShellScriptBuildPhase;
			buildActionMask = 2147483647;
			files = (
			);
			inputFileListPaths = (
			);
			inputPaths = (
				"${PODS_PODFILE_DIR_PATH}/Podfile.lock",
				"${PODS_ROOT}/Manifest.lock",
			);
			name = "[CP] Check Pods Manifest.lock";
			outputFileListPaths = (
			);
			outputPaths = (
				"$(DERIVED_FILE_DIR)/Pods-Vocabulary-checkManifestLockResult.txt",
			);
			runOnlyForDeploymentPostprocessing = 0;
			shellPath = /bin/sh;
			shellScript = "diff \"${PODS_PODFILE_DIR_PATH}/Podfile.lock\" \"${PODS_ROOT}/Manifest.lock\" > /dev/null\nif [ $? != 0 ] ; then\n    # print error to STDERR\n    echo \"error: The sandbox is not in sync with the Podfile.lock. Run 'pod install' or update your CocoaPods installation.\" >&2\n    exit 1\nfi\n# This output is used by Xcode 'outputs' to avoid re-running this script phase.\necho \"SUCCESS\" > \"${SCRIPT_OUTPUT_FILE_0}\"\n";
			showEnvVarsInLog = 0;
		};
		E6B34475ABAEBBCE7ED2522A /* [CP] Embed Pods Frameworks */ = {
			isa = PBXShellScriptBuildPhase;
			buildActionMask = 2147483647;
			files = (
			);
			inputFileListPaths = (
				"${PODS_ROOT}/Target Support Files/Pods-Vocabulary/Pods-Vocabulary-frameworks-${CONFIGURATION}-input-files.xcfilelist",
			);
			name = "[CP] Embed Pods Frameworks";
			outputFileListPaths = (
				"${PODS_ROOT}/Target Support Files/Pods-Vocabulary/Pods-Vocabulary-frameworks-${CONFIGURATION}-output-files.xcfilelist",
			);
			runOnlyForDeploymentPostprocessing = 0;
			shellPath = /bin/sh;
			shellScript = "\"${PODS_ROOT}/Target Support Files/Pods-Vocabulary/Pods-Vocabulary-frameworks.sh\"\n";
			showEnvVarsInLog = 0;
		};
/* End PBXShellScriptBuildPhase section */

/* Begin PBXSourcesBuildPhase section */
		F28C2E10246F8E85000695CD /* Sources */ = {
			isa = PBXSourcesBuildPhase;
			buildActionMask = 2147483647;
			files = (
				F28C2E18246F8E85000695CD /* AppDelegate.swift in Sources */,
				F2D2D06D24740C530095DACC /* CalendarView.swift in Sources */,
				A2A5C119247A7F880072914E /* WordViewSecond.swift in Sources */,
				F2D2D0692473B70D0095DACC /* BookListView.swift in Sources */,
				F28C2E1A246F8E85000695CD /* SceneDelegate.swift in Sources */,
				A2A5C118247A7F880072914E /* WordViewThird.swift in Sources */,
				A2A5C1F52497B6330072914E /* CalendarPage.swift in Sources */,
				F25053A62476707800BC6DB4 /* SettingView.swift in Sources */,
				A2A5C117247A7F880072914E /* WordViewFirst.swift in Sources */,
				F2D2D06B24740BCF0095DACC /* ReviewView.swift in Sources */,
				F28C2E1C246F8E85000695CD /* ContentView.swift in Sources */,
			);
			runOnlyForDeploymentPostprocessing = 0;
		};
/* End PBXSourcesBuildPhase section */

/* Begin PBXVariantGroup section */
		F28C2E22246F8E86000695CD /* LaunchScreen.storyboard */ = {
			isa = PBXVariantGroup;
			children = (
				F28C2E23246F8E86000695CD /* Base */,
			);
			name = LaunchScreen.storyboard;
			sourceTree = "<group>";
		};
/* End PBXVariantGroup section */

/* Begin XCBuildConfiguration section */
		F28C2E26246F8E86000695CD /* Debug */ = {
			isa = XCBuildConfiguration;
			buildSettings = {
				ALWAYS_SEARCH_USER_PATHS = NO;
				CLANG_ANALYZER_NONNULL = YES;
				CLANG_ANALYZER_NUMBER_OBJECT_CONVERSION = YES_AGGRESSIVE;
				CLANG_CXX_LANGUAGE_STANDARD = "gnu++14";
				CLANG_CXX_LIBRARY = "libc++";
				CLANG_ENABLE_MODULES = YES;
				CLANG_ENABLE_OBJC_ARC = YES;
				CLANG_ENABLE_OBJC_WEAK = YES;
				CLANG_WARN_BLOCK_CAPTURE_AUTORELEASING = YES;
				CLANG_WARN_BOOL_CONVERSION = YES;
				CLANG_WARN_COMMA = YES;
				CLANG_WARN_CONSTANT_CONVERSION = YES;
				CLANG_WARN_DEPRECATED_OBJC_IMPLEMENTATIONS = YES;
				CLANG_WARN_DIRECT_OBJC_ISA_USAGE = YES_ERROR;
				CLANG_WARN_DOCUMENTATION_COMMENTS = YES;
				CLANG_WARN_EMPTY_BODY = YES;
				CLANG_WARN_ENUM_CONVERSION = YES;
				CLANG_WARN_INFINITE_RECURSION = YES;
				CLANG_WARN_INT_CONVERSION = YES;
				CLANG_WARN_NON_LITERAL_NULL_CONVERSION = YES;
				CLANG_WARN_OBJC_IMPLICIT_RETAIN_SELF = YES;
				CLANG_WARN_OBJC_LITERAL_CONVERSION = YES;
				CLANG_WARN_OBJC_ROOT_CLASS = YES_ERROR;
				CLANG_WARN_RANGE_LOOP_ANALYSIS = YES;
				CLANG_WARN_STRICT_PROTOTYPES = YES;
				CLANG_WARN_SUSPICIOUS_MOVE = YES;
				CLANG_WARN_UNGUARDED_AVAILABILITY = YES_AGGRESSIVE;
				CLANG_WARN_UNREACHABLE_CODE = YES;
				CLANG_WARN__DUPLICATE_METHOD_MATCH = YES;
				COPY_PHASE_STRIP = NO;
				DEBUG_INFORMATION_FORMAT = dwarf;
				ENABLE_STRICT_OBJC_MSGSEND = YES;
				ENABLE_TESTABILITY = YES;
				GCC_C_LANGUAGE_STANDARD = gnu11;
				GCC_DYNAMIC_NO_PIC = NO;
				GCC_NO_COMMON_BLOCKS = YES;
				GCC_OPTIMIZATION_LEVEL = 0;
				GCC_PREPROCESSOR_DEFINITIONS = (
					"DEBUG=1",
					"$(inherited)",
				);
				GCC_WARN_64_TO_32_BIT_CONVERSION = YES;
				GCC_WARN_ABOUT_RETURN_TYPE = YES_ERROR;
				GCC_WARN_UNDECLARED_SELECTOR = YES;
				GCC_WARN_UNINITIALIZED_AUTOS = YES_AGGRESSIVE;
				GCC_WARN_UNUSED_FUNCTION = YES;
				GCC_WARN_UNUSED_VARIABLE = YES;
				IPHONEOS_DEPLOYMENT_TARGET = 13.4;
				MTL_ENABLE_DEBUG_INFO = INCLUDE_SOURCE;
				MTL_FAST_MATH = YES;
				ONLY_ACTIVE_ARCH = YES;
				SDKROOT = iphoneos;
				SWIFT_ACTIVE_COMPILATION_CONDITIONS = DEBUG;
				SWIFT_OPTIMIZATION_LEVEL = "-Onone";
			};
			name = Debug;
		};
		F28C2E27246F8E86000695CD /* Release */ = {
			isa = XCBuildConfiguration;
			buildSettings = {
				ALWAYS_SEARCH_USER_PATHS = NO;
				CLANG_ANALYZER_NONNULL = YES;
				CLANG_ANALYZER_NUMBER_OBJECT_CONVERSION = YES_AGGRESSIVE;
				CLANG_CXX_LANGUAGE_STANDARD = "gnu++14";
				CLANG_CXX_LIBRARY = "libc++";
				CLANG_ENABLE_MODULES = YES;
				CLANG_ENABLE_OBJC_ARC = YES;
				CLANG_ENABLE_OBJC_WEAK = YES;
				CLANG_WARN_BLOCK_CAPTURE_AUTORELEASING = YES;
				CLANG_WARN_BOOL_CONVERSION = YES;
				CLANG_WARN_COMMA = YES;
				CLANG_WARN_CONSTANT_CONVERSION = YES;
				CLANG_WARN_DEPRECATED_OBJC_IMPLEMENTATIONS = YES;
				CLANG_WARN_DIRECT_OBJC_ISA_USAGE = YES_ERROR;
				CLANG_WARN_DOCUMENTATION_COMMENTS = YES;
				CLANG_WARN_EMPTY_BODY = YES;
				CLANG_WARN_ENUM_CONVERSION = YES;
				CLANG_WARN_INFINITE_RECURSION = YES;
				CLANG_WARN_INT_CONVERSION = YES;
				CLANG_WARN_NON_LITERAL_NULL_CONVERSION = YES;
				CLANG_WARN_OBJC_IMPLICIT_RETAIN_SELF = YES;
				CLANG_WARN_OBJC_LITERAL_CONVERSION = YES;
				CLANG_WARN_OBJC_ROOT_CLASS = YES_ERROR;
				CLANG_WARN_RANGE_LOOP_ANALYSIS = YES;
				CLANG_WARN_STRICT_PROTOTYPES = YES;
				CLANG_WARN_SUSPICIOUS_MOVE = YES;
				CLANG_WARN_UNGUARDED_AVAILABILITY = YES_AGGRESSIVE;
				CLANG_WARN_UNREACHABLE_CODE = YES;
				CLANG_WARN__DUPLICATE_METHOD_MATCH = YES;
				COPY_PHASE_STRIP = NO;
				DEBUG_INFORMATION_FORMAT = "dwarf-with-dsym";
				ENABLE_NS_ASSERTIONS = NO;
				ENABLE_STRICT_OBJC_MSGSEND = YES;
				GCC_C_LANGUAGE_STANDARD = gnu11;
				GCC_NO_COMMON_BLOCKS = YES;
				GCC_WARN_64_TO_32_BIT_CONVERSION = YES;
				GCC_WARN_ABOUT_RETURN_TYPE = YES_ERROR;
				GCC_WARN_UNDECLARED_SELECTOR = YES;
				GCC_WARN_UNINITIALIZED_AUTOS = YES_AGGRESSIVE;
				GCC_WARN_UNUSED_FUNCTION = YES;
				GCC_WARN_UNUSED_VARIABLE = YES;
				IPHONEOS_DEPLOYMENT_TARGET = 13.4;
				MTL_ENABLE_DEBUG_INFO = NO;
				MTL_FAST_MATH = YES;
				SDKROOT = iphoneos;
				SWIFT_COMPILATION_MODE = wholemodule;
				SWIFT_OPTIMIZATION_LEVEL = "-O";
				VALIDATE_PRODUCT = YES;
			};
			name = Release;
		};
		F28C2E29246F8E86000695CD /* Debug */ = {
			isa = XCBuildConfiguration;
			baseConfigurationReference = 07701638E9842D5264652224 /* Pods-Vocabulary.debug.xcconfig */;
			buildSettings = {
				ASSETCATALOG_COMPILER_APPICON_NAME = AppIcon;
				CODE_SIGN_STYLE = Automatic;
				DEVELOPMENT_ASSET_PATHS = "\"Vocabulary/Preview Content\"";
				ENABLE_PREVIEWS = YES;
				INFOPLIST_FILE = Vocabulary/Info.plist;
				LD_RUNPATH_SEARCH_PATHS = (
					"$(inherited)",
					"@executable_path/Frameworks",
				);
				PRODUCT_BUNDLE_IDENTIFIER = com.laluma.Vocabulary;
				PRODUCT_NAME = "$(TARGET_NAME)";
				SWIFT_VERSION = 5.0;
				TARGETED_DEVICE_FAMILY = "1,2";
			};
			name = Debug;
		};
		F28C2E2A246F8E86000695CD /* Release */ = {
			isa = XCBuildConfiguration;
			baseConfigurationReference = 7CC79A7663AD7701B1DED1A0 /* Pods-Vocabulary.release.xcconfig */;
			buildSettings = {
				ASSETCATALOG_COMPILER_APPICON_NAME = AppIcon;
				CODE_SIGN_STYLE = Automatic;
				DEVELOPMENT_ASSET_PATHS = "\"Vocabulary/Preview Content\"";
				ENABLE_PREVIEWS = YES;
				INFOPLIST_FILE = Vocabulary/Info.plist;
				LD_RUNPATH_SEARCH_PATHS = (
					"$(inherited)",
					"@executable_path/Frameworks",
				);
				PRODUCT_BUNDLE_IDENTIFIER = com.laluma.Vocabulary;
				PRODUCT_NAME = "$(TARGET_NAME)";
				SWIFT_VERSION = 5.0;
				TARGETED_DEVICE_FAMILY = "1,2";
			};
			name = Release;
		};
/* End XCBuildConfiguration section */

/* Begin XCConfigurationList section */
		F28C2E0F246F8E85000695CD /* Build configuration list for PBXProject "Vocabulary" */ = {
			isa = XCConfigurationList;
			buildConfigurations = (
				F28C2E26246F8E86000695CD /* Debug */,
				F28C2E27246F8E86000695CD /* Release */,
			);
			defaultConfigurationIsVisible = 0;
			defaultConfigurationName = Release;
		};
		F28C2E28246F8E86000695CD /* Build configuration list for PBXNativeTarget "Vocabulary" */ = {
			isa = XCConfigurationList;
			buildConfigurations = (
				F28C2E29246F8E86000695CD /* Debug */,
				F28C2E2A246F8E86000695CD /* Release */,
			);
			defaultConfigurationIsVisible = 0;
			defaultConfigurationName = Release;
		};
/* End XCConfigurationList section */

/* Begin XCRemoteSwiftPackageReference section */
		A2A5C1F12497AEE50072914E /* RemoteSwiftPackageReference */ = {
			isa = XCRemoteSwiftPackageReference;
			repositoryURL = "https://github.com/CVCalendar/CVCalendar";
			requirement = {
				kind = upToNextMajorVersion;
				minimumVersion = 1.7.0;
			};
		};
/* End XCRemoteSwiftPackageReference section */

/* Begin XCSwiftPackageProductDependency section */
		A2A5C1F22497AEE50072914E /* SwiftPackageProductDependency */ = {
			isa = XCSwiftPackageProductDependency;
			package = A2A5C1F12497AEE50072914E /* RemoteSwiftPackageReference */;
			productName = CVCalendar;
		};
/* End XCSwiftPackageProductDependency section */
	};
	rootObject = F28C2E0C246F8E85000695CD /* Project object */;
}
